
Microsoft Visual Studio Solution File, Format Version 12.00
# Visual Studio 15
VisualStudioVersion = 15.0.27004.2005
MinimumVisualStudioVersion = 10.0.40219.1
Project("{FAE04EC0-301F-11D3-BF4B-00C04F79EFBC}") = "Web.Service.One", "Web.Service.One\Web.Service.One.csproj", "{299CCFE6-DC6E-40DE-9496-F12D94612A1C}"
EndProject
Project("{FAE04EC0-301F-11D3-BF4B-00C04F79EFBC}") = "Web.Service.CommonLib", "Web.Service.CommonLib\Web.Service.CommonLib.csproj", "{5022C949-D0C9-4528-AD93-B324943D72FA}"
EndProject
Project("{FAE04EC0-301F-11D3-BF4B-00C04F79EFBC}") = "Web.Service.UnitTest", "Web.Service.UnitTest\Web.Service.UnitTest.csproj", "{561EE85C-3D85-4A33-99CF-3AED62429EB3}"
EndProject
Global
	GlobalSection(SolutionConfigurationPlatforms) = preSolution
		Debug|Any CPU = Debug|Any CPU
		Release|Any CPU = Release|Any CPU
	EndGlobalSection
	GlobalSection(ProjectConfigurationPlatforms) = postSolution
		{299CCFE6-DC6E-40DE-9496-F12D94612A1C}.Debug|Any CPU.ActiveCfg = Debug|Any CPU
		{299CCFE6-DC6E-40DE-9496-F12D94612A1C}.Debug|Any CPU.Build.0 = Debug|Any CPU
		{299CCFE6-DC6E-40DE-9496-F12D94612A1C}.Release|Any CPU.ActiveCfg = Release|Any CPU
		{299CCFE6-DC6E-40DE-9496-F12D94612A1C}.Release|Any CPU.Build.0 = Release|Any CPU
		{5022C949-D0C9-4528-AD93-B324943D72FA}.Debug|Any CPU.ActiveCfg = Debug|Any CPU
		{5022C949-D0C9-4528-AD93-B324943D72FA}.Debug|Any CPU.Build.0 = Debug|Any CPU
		{5022C949-D0C9-4528-AD93-B324943D72FA}.Release|Any CPU.ActiveCfg = Release|Any CPU
		{5022C949-D0C9-4528-AD93-B324943D72FA}.Release|Any CPU.Build.0 = Release|Any CPU
		{561EE85C-3D85-4A33-99CF-3AED62429EB3}.Debug|Any CPU.ActiveCfg = Debug|Any CPU
		{561EE85C-3D85-4A33-99CF-3AED62429EB3}.Debug|Any CPU.Build.0 = Debug|Any CPU
		{561EE85C-3D85-4A33-99CF-3AED62429EB3}.Release|Any CPU.ActiveCfg = Release|Any CPU
		{561EE85C-3D85-4A33-99CF-3AED62429EB3}.Release|Any CPU.Build.0 = Release|Any CPU
	EndGlobalSection
	GlobalSection(SolutionProperties) = preSolution
		HideSolutionNode = FALSE
	EndGlobalSection
	GlobalSection(ExtensibilityGlobals) = postSolution
		SolutionGuid = {24268C26-AB8B-46E3-8A47-4F4D2983506E}
	EndGlobalSection
EndGlobal
