
Microsoft Visual Studio Solution File, Format Version 12.00
# Visual Studio 15
VisualStudioVersion = 15.0.27004.2005
MinimumVisualStudioVersion = 10.0.40219.1
Project("{FAE04EC0-301F-11D3-BF4B-00C04F79EFBC}") = "Class.Lib.One", "Class.Lib.One\Class.Lib.One.csproj", "{5EF90692-3890-4B66-9758-7EC132ADCEE3}"
EndProject
Global
	GlobalSection(SolutionConfigurationPlatforms) = preSolution
		Debug|Any CPU = Debug|Any CPU
		Release|Any CPU = Release|Any CPU
	EndGlobalSection
	GlobalSection(ProjectConfigurationPlatforms) = postSolution
		{5EF90692-3890-4B66-9758-7EC132ADCEE3}.Debug|Any CPU.ActiveCfg = Debug|Any CPU
		{5EF90692-3890-4B66-9758-7EC132ADCEE3}.Debug|Any CPU.Build.0 = Debug|Any CPU
		{5EF90692-3890-4B66-9758-7EC132ADCEE3}.Release|Any CPU.ActiveCfg = Release|Any CPU
		{5EF90692-3890-4B66-9758-7EC132ADCEE3}.Release|Any CPU.Build.0 = Release|Any CPU
	EndGlobalSection
	GlobalSection(SolutionProperties) = preSolution
		HideSolutionNode = FALSE
	EndGlobalSection
	GlobalSection(ExtensibilityGlobals) = postSolution
		SolutionGuid = {08525593-CA48-4E41-A115-D3397A6B94F6}
	EndGlobalSection
EndGlobal
